
Microsoft Visual Studio Solution File, Format Version 12.00
Project("{2150E333-8FDC-42A3-9474-1A3956D46DE8}") = "Solution Items", "Solution Items", "{0EE2E846-632C-4EA4-88D8-82A90776FC8D}"
	ProjectSection(SolutionItems) = preProject
		Directory.Build.props = Directory.Build.props
		Directory.Packages.props = Directory.Packages.props
		..\.editorconfig = ..\.editorconfig
		..\.gitignore = ..\.gitignore
	EndProjectSection
EndProject
Project("{FAE04EC0-301F-11D3-BF4B-00C04F79EFBC}") = "Listeners", "Listeners\Listeners.csproj", "{3B62545F-1987-4B56-BAF1-A2BFE21EA74D}"
EndProject
Project("{FAE04EC0-301F-11D3-BF4B-00C04F79EFBC}") = "Listeners.Tests", "Listeners.Tests\Listeners.Tests.csproj", "{3D245A77-DDA2-4064-99B9-410167FB3B14}"
EndProject
Project("{FAE04EC0-301F-11D3-BF4B-00C04F79EFBC}") = "Maths", "Maths\Maths.csproj", "{E3A2D8FB-F376-468C-8BDA-A54B3453E39F}"
EndProject
Project("{FAE04EC0-301F-11D3-BF4B-00C04F79EFBC}") = "Maths.Tests", "Maths.Tests\Maths.Tests.csproj", "{849D2EFC-28D3-476F-BB19-347001E79BAD}"
EndProject
Global
	GlobalSection(SolutionConfigurationPlatforms) = preSolution
		Debug|Any CPU = Debug|Any CPU
		Release|Any CPU = Release|Any CPU
	EndGlobalSection
	GlobalSection(ProjectConfigurationPlatforms) = postSolution
		{3B62545F-1987-4B56-BAF1-A2BFE21EA74D}.Debug|Any CPU.ActiveCfg = Debug|Any CPU
		{3B62545F-1987-4B56-BAF1-A2BFE21EA74D}.Debug|Any CPU.Build.0 = Debug|Any CPU
		{3B62545F-1987-4B56-BAF1-A2BFE21EA74D}.Release|Any CPU.ActiveCfg = Release|Any CPU
		{3B62545F-1987-4B56-BAF1-A2BFE21EA74D}.Release|Any CPU.Build.0 = Release|Any CPU
		{3D245A77-DDA2-4064-99B9-410167FB3B14}.Debug|Any CPU.ActiveCfg = Debug|Any CPU
		{3D245A77-DDA2-4064-99B9-410167FB3B14}.Debug|Any CPU.Build.0 = Debug|Any CPU
		{3D245A77-DDA2-4064-99B9-410167FB3B14}.Release|Any CPU.ActiveCfg = Release|Any CPU
		{3D245A77-DDA2-4064-99B9-410167FB3B14}.Release|Any CPU.Build.0 = Release|Any CPU
		{DA10635D-B18C-45A1-883B-C60CF293D7D6}.Debug|Any CPU.ActiveCfg = Debug|Any CPU
		{DA10635D-B18C-45A1-883B-C60CF293D7D6}.Debug|Any CPU.Build.0 = Debug|Any CPU
		{DA10635D-B18C-45A1-883B-C60CF293D7D6}.Release|Any CPU.ActiveCfg = Release|Any CPU
		{DA10635D-B18C-45A1-883B-C60CF293D7D6}.Release|Any CPU.Build.0 = Release|Any CPU
		{E3A2D8FB-F376-468C-8BDA-A54B3453E39F}.Debug|Any CPU.ActiveCfg = Debug|Any CPU
		{E3A2D8FB-F376-468C-8BDA-A54B3453E39F}.Debug|Any CPU.Build.0 = Debug|Any CPU
		{E3A2D8FB-F376-468C-8BDA-A54B3453E39F}.Release|Any CPU.ActiveCfg = Release|Any CPU
		{E3A2D8FB-F376-468C-8BDA-A54B3453E39F}.Release|Any CPU.Build.0 = Release|Any CPU
		{849D2EFC-28D3-476F-BB19-347001E79BAD}.Debug|Any CPU.ActiveCfg = Debug|Any CPU
		{849D2EFC-28D3-476F-BB19-347001E79BAD}.Debug|Any CPU.Build.0 = Debug|Any CPU
		{849D2EFC-28D3-476F-BB19-347001E79BAD}.Release|Any CPU.ActiveCfg = Release|Any CPU
		{849D2EFC-28D3-476F-BB19-347001E79BAD}.Release|Any CPU.Build.0 = Release|Any CPU
	EndGlobalSection
	GlobalSection(NestedProjects) = preSolution
	EndGlobalSection
EndGlobal
