
Microsoft Visual Studio Solution File, Format Version 12.00
Project("{FAE04EC0-301F-11D3-BF4B-00C04F79EFBC}") = "MrKWatkins.Ast", "MrKWatkins.Ast\MrKWatkins.Ast.csproj", "{719B4F8C-1A8C-4A11-8547-FDDF2894CC09}"
EndProject
Project("{FAE04EC0-301F-11D3-BF4B-00C04F79EFBC}") = "MrKWatkins.Ast.Tests", "MrKWatkins.Ast.Tests\MrKWatkins.Ast.Tests.csproj", "{5ABE9485-D233-4371-91C0-9F66B1BAC287}"
EndProject
Project("{2150E333-8FDC-42A3-9474-1A3956D46DE8}") = "Solution Items", "Solution Items", "{0EE2E846-632C-4EA4-88D8-82A90776FC8D}"
	ProjectSection(SolutionItems) = preProject
		Directory.Build.props = Directory.Build.props
		Directory.Packages.props = Directory.Packages.props
		..\License.md = ..\License.md
		..\ReadMe.md = ..\ReadMe.md
		..\.gitignore = ..\.gitignore
		..\.editorconfig = ..\.editorconfig
	EndProjectSection
EndProject
Project("{2150E333-8FDC-42A3-9474-1A3956D46DE8}") = ".github", ".github", "{C893FF4B-FA20-4B58-B7D3-3DA372503F01}"
EndProject
Project("{2150E333-8FDC-42A3-9474-1A3956D46DE8}") = "workflows", "workflows", "{2DC33C7E-4983-471B-B34B-9FFCCB0A62F9}"
	ProjectSection(SolutionItems) = preProject
		..\.github\workflows\build.yml = ..\.github\workflows\build.yml
		..\.github\workflows\release.yml = ..\.github\workflows\release.yml
	EndProjectSection
EndProject
Project("{2150E333-8FDC-42A3-9474-1A3956D46DE8}") = "actions", "actions", "{830EE115-DF07-4B1E-BAA7-6527FE7E827A}"
EndProject
Project("{2150E333-8FDC-42A3-9474-1A3956D46DE8}") = "build-documentation", "build-documentation", "{CA1458CD-AF36-4CC0-8110-A63DCD33851C}"
	ProjectSection(SolutionItems) = preProject
		..\.github\actions\build-documentation\action.yml = ..\.github\actions\build-documentation\action.yml
	EndProjectSection
EndProject
Project("{2150E333-8FDC-42A3-9474-1A3956D46DE8}") = "build", "build", "{1086ECBA-304B-45FC-8ACC-4926714A5726}"
	ProjectSection(SolutionItems) = preProject
		..\.github\actions\build\action.yml = ..\.github\actions\build\action.yml
	EndProjectSection
EndProject
Project("{2150E333-8FDC-42A3-9474-1A3956D46DE8}") = "deploy-documentation", "deploy-documentation", "{DF990584-4938-4AB1-B17F-1AF978FABD6A}"
	ProjectSection(SolutionItems) = preProject
		..\.github\actions\deploy-documentation\action.yml = ..\.github\actions\deploy-documentation\action.yml
	EndProjectSection
EndProject
Global
	GlobalSection(SolutionConfigurationPlatforms) = preSolution
		Debug|Any CPU = Debug|Any CPU
		Release|Any CPU = Release|Any CPU
	EndGlobalSection
	GlobalSection(ProjectConfigurationPlatforms) = postSolution
		{719B4F8C-1A8C-4A11-8547-FDDF2894CC09}.Debug|Any CPU.ActiveCfg = Debug|Any CPU
		{719B4F8C-1A8C-4A11-8547-FDDF2894CC09}.Debug|Any CPU.Build.0 = Debug|Any CPU
		{719B4F8C-1A8C-4A11-8547-FDDF2894CC09}.Release|Any CPU.ActiveCfg = Release|Any CPU
		{719B4F8C-1A8C-4A11-8547-FDDF2894CC09}.Release|Any CPU.Build.0 = Release|Any CPU
		{5ABE9485-D233-4371-91C0-9F66B1BAC287}.Debug|Any CPU.ActiveCfg = Debug|Any CPU
		{5ABE9485-D233-4371-91C0-9F66B1BAC287}.Debug|Any CPU.Build.0 = Debug|Any CPU
		{5ABE9485-D233-4371-91C0-9F66B1BAC287}.Release|Any CPU.ActiveCfg = Release|Any CPU
		{5ABE9485-D233-4371-91C0-9F66B1BAC287}.Release|Any CPU.Build.0 = Release|Any CPU
	EndGlobalSection
	GlobalSection(NestedProjects) = preSolution
		{C893FF4B-FA20-4B58-B7D3-3DA372503F01} = {0EE2E846-632C-4EA4-88D8-82A90776FC8D}
		{2DC33C7E-4983-471B-B34B-9FFCCB0A62F9} = {C893FF4B-FA20-4B58-B7D3-3DA372503F01}
		{830EE115-DF07-4B1E-BAA7-6527FE7E827A} = {C893FF4B-FA20-4B58-B7D3-3DA372503F01}
		{CA1458CD-AF36-4CC0-8110-A63DCD33851C} = {830EE115-DF07-4B1E-BAA7-6527FE7E827A}
		{1086ECBA-304B-45FC-8ACC-4926714A5726} = {830EE115-DF07-4B1E-BAA7-6527FE7E827A}
		{DF990584-4938-4AB1-B17F-1AF978FABD6A} = {830EE115-DF07-4B1E-BAA7-6527FE7E827A}
	EndGlobalSection
EndGlobal
